
Microsoft Visual Studio Solution File, Format Version 12.00
# Visual Studio Version 17
VisualStudioVersion = 17.7.34202.233
MinimumVisualStudioVersion = 10.0.40219.1
Project("{2150E333-8FDC-42A3-9474-1A3956D46DE8}") = "src", "src", "{CA7FDAA3-7681-4BB8-8A80-FD338C8BF783}"
EndProject
Project("{2150E333-8FDC-42A3-9474-1A3956D46DE8}") = "test", "test", "{36DD20CD-20B6-4A41-9E83-6FCF80D1D6C6}"
EndProject
Project("{2150E333-8FDC-42A3-9474-1A3956D46DE8}") = "API", "API", "{ED9BFFD3-8818-4EAA-A645-2E9CFB59182C}"
EndProject
Project("{2150E333-8FDC-42A3-9474-1A3956D46DE8}") = "Core", "Core", "{6695E20F-DFAC-4C52-9D17-1092F87C7742}"
EndProject
Project("{2150E333-8FDC-42A3-9474-1A3956D46DE8}") = "Infrastructure", "Infrastructure", "{BA88CF05-E893-4385-A844-67B8C5C4C89E}"
EndProject
Project("{2150E333-8FDC-42A3-9474-1A3956D46DE8}") = "UI", "UI", "{F6F29159-E0BA-4BA0-A4C5-B603B7B560B7}"
EndProject
Project("{9A19103F-16F7-4668-BE54-9A1E7A4F7556}") = "HR.LeaveManagement.Domain", "HR.LeaveManagement.Domain\HR.LeaveManagement.Domain.csproj", "{968A9855-06EB-447B-A758-4FB62BE828E5}"
EndProject
Project("{9A19103F-16F7-4668-BE54-9A1E7A4F7556}") = "HR.LeaveManagement.Application", "HR.LeaveManagement.Application\HR.LeaveManagement.Application.csproj", "{CD6EDFCF-7310-4B0D-B391-335E15F438FE}"
EndProject
Project("{FAE04EC0-301F-11D3-BF4B-00C04F79EFBC}") = "HR.LeaveManagement.Persistence", "HR.LeaveManagement.Persistence\HR.LeaveManagement.Persistence.csproj", "{07C4B08A-F692-4CAC-8C34-56F0BF7F33E3}"
EndProject
Global
	GlobalSection(SolutionConfigurationPlatforms) = preSolution
		Debug|Any CPU = Debug|Any CPU
		Release|Any CPU = Release|Any CPU
	EndGlobalSection
	GlobalSection(ProjectConfigurationPlatforms) = postSolution
		{968A9855-06EB-447B-A758-4FB62BE828E5}.Debug|Any CPU.ActiveCfg = Debug|Any CPU
		{968A9855-06EB-447B-A758-4FB62BE828E5}.Debug|Any CPU.Build.0 = Debug|Any CPU
		{968A9855-06EB-447B-A758-4FB62BE828E5}.Release|Any CPU.ActiveCfg = Release|Any CPU
		{968A9855-06EB-447B-A758-4FB62BE828E5}.Release|Any CPU.Build.0 = Release|Any CPU
		{CD6EDFCF-7310-4B0D-B391-335E15F438FE}.Debug|Any CPU.ActiveCfg = Debug|Any CPU
		{CD6EDFCF-7310-4B0D-B391-335E15F438FE}.Debug|Any CPU.Build.0 = Debug|Any CPU
		{CD6EDFCF-7310-4B0D-B391-335E15F438FE}.Release|Any CPU.ActiveCfg = Release|Any CPU
		{CD6EDFCF-7310-4B0D-B391-335E15F438FE}.Release|Any CPU.Build.0 = Release|Any CPU
		{07C4B08A-F692-4CAC-8C34-56F0BF7F33E3}.Debug|Any CPU.ActiveCfg = Debug|Any CPU
		{07C4B08A-F692-4CAC-8C34-56F0BF7F33E3}.Debug|Any CPU.Build.0 = Debug|Any CPU
		{07C4B08A-F692-4CAC-8C34-56F0BF7F33E3}.Release|Any CPU.ActiveCfg = Release|Any CPU
		{07C4B08A-F692-4CAC-8C34-56F0BF7F33E3}.Release|Any CPU.Build.0 = Release|Any CPU
	EndGlobalSection
	GlobalSection(SolutionProperties) = preSolution
		HideSolutionNode = FALSE
	EndGlobalSection
	GlobalSection(NestedProjects) = preSolution
		{ED9BFFD3-8818-4EAA-A645-2E9CFB59182C} = {CA7FDAA3-7681-4BB8-8A80-FD338C8BF783}
		{6695E20F-DFAC-4C52-9D17-1092F87C7742} = {CA7FDAA3-7681-4BB8-8A80-FD338C8BF783}
		{BA88CF05-E893-4385-A844-67B8C5C4C89E} = {CA7FDAA3-7681-4BB8-8A80-FD338C8BF783}
		{F6F29159-E0BA-4BA0-A4C5-B603B7B560B7} = {CA7FDAA3-7681-4BB8-8A80-FD338C8BF783}
		{968A9855-06EB-447B-A758-4FB62BE828E5} = {6695E20F-DFAC-4C52-9D17-1092F87C7742}
		{CD6EDFCF-7310-4B0D-B391-335E15F438FE} = {6695E20F-DFAC-4C52-9D17-1092F87C7742}
		{07C4B08A-F692-4CAC-8C34-56F0BF7F33E3} = {BA88CF05-E893-4385-A844-67B8C5C4C89E}
	EndGlobalSection
	GlobalSection(ExtensibilityGlobals) = postSolution
		SolutionGuid = {267280CC-62D2-46F6-A315-963CAF8704C6}
	EndGlobalSection
EndGlobal
